
Microsoft Visual Studio Solution File, Format Version 12.00
# Visual Studio Version 17
VisualStudioVersion = 17.9.34723.18
MinimumVisualStudioVersion = 10.0.40219.1
Project("{FAE04EC0-301F-11D3-BF4B-00C04F79EFBC}") = "Warehouse.API", "Warehouse.API\Warehouse.API.csproj", "{D2158CEB-2CA5-47DB-823D-EE2E24BFD14C}"
EndProject
Project("{FAE04EC0-301F-11D3-BF4B-00C04F79EFBC}") = "Warehouse.Data", "Warehouse.Data\Warehouse.Data.csproj", "{0D5E6B3C-8CB5-4B17-B194-3E08DDE45B8E}"
EndProject
Project("{FAE04EC0-301F-11D3-BF4B-00C04F79EFBC}") = "Warehouse.View", "Warehouse.View\Warehouse.View.csproj", "{C685B244-AFF4-483F-810E-2B5EAAE3518B}"
EndProject
Global
	GlobalSection(SolutionConfigurationPlatforms) = preSolution
		Debug|Any CPU = Debug|Any CPU
		Release|Any CPU = Release|Any CPU
	EndGlobalSection
	GlobalSection(ProjectConfigurationPlatforms) = postSolution
		{D2158CEB-2CA5-47DB-823D-EE2E24BFD14C}.Debug|Any CPU.ActiveCfg = Debug|Any CPU
		{D2158CEB-2CA5-47DB-823D-EE2E24BFD14C}.Debug|Any CPU.Build.0 = Debug|Any CPU
		{D2158CEB-2CA5-47DB-823D-EE2E24BFD14C}.Release|Any CPU.ActiveCfg = Release|Any CPU
		{D2158CEB-2CA5-47DB-823D-EE2E24BFD14C}.Release|Any CPU.Build.0 = Release|Any CPU
		{0D5E6B3C-8CB5-4B17-B194-3E08DDE45B8E}.Debug|Any CPU.ActiveCfg = Debug|Any CPU
		{0D5E6B3C-8CB5-4B17-B194-3E08DDE45B8E}.Debug|Any CPU.Build.0 = Debug|Any CPU
		{0D5E6B3C-8CB5-4B17-B194-3E08DDE45B8E}.Release|Any CPU.ActiveCfg = Release|Any CPU
		{0D5E6B3C-8CB5-4B17-B194-3E08DDE45B8E}.Release|Any CPU.Build.0 = Release|Any CPU
		{C685B244-AFF4-483F-810E-2B5EAAE3518B}.Debug|Any CPU.ActiveCfg = Debug|Any CPU
		{C685B244-AFF4-483F-810E-2B5EAAE3518B}.Debug|Any CPU.Build.0 = Debug|Any CPU
		{C685B244-AFF4-483F-810E-2B5EAAE3518B}.Release|Any CPU.ActiveCfg = Release|Any CPU
		{C685B244-AFF4-483F-810E-2B5EAAE3518B}.Release|Any CPU.Build.0 = Release|Any CPU
	EndGlobalSection
	GlobalSection(SolutionProperties) = preSolution
		HideSolutionNode = FALSE
	EndGlobalSection
	GlobalSection(ExtensibilityGlobals) = postSolution
		SolutionGuid = {C7A757D8-7B48-4F1B-A9C7-0EACF418410C}
	EndGlobalSection
EndGlobal
